
Microsoft Visual Studio Solution File, Format Version 12.00
# Visual Studio Version 17
VisualStudioVersion = 17.14.36623.8 d17.14
MinimumVisualStudioVersion = 10.0.40219.1
Project("{FAE04EC0-301F-11D3-BF4B-00C04F79EFBC}") = "Tracker.Api", "Tracker.Api\Tracker.Api.csproj", "{7F3E4027-BDF3-41CC-B6CD-44DD8C3423C4}"
EndProject
Project("{FAE04EC0-301F-11D3-BF4B-00C04F79EFBC}") = "Tracker.Client", "Tracker.Client\Tracker.Client.csproj", "{4986E56E-C831-4399-8A5A-072F3BBB7F8E}"
EndProject
Global
	GlobalSection(SolutionConfigurationPlatforms) = preSolution
		Debug|Any CPU = Debug|Any CPU
		Release|Any CPU = Release|Any CPU
	EndGlobalSection
	GlobalSection(ProjectConfigurationPlatforms) = postSolution
		{7F3E4027-BDF3-41CC-B6CD-44DD8C3423C4}.Debug|Any CPU.ActiveCfg = Debug|Any CPU
		{7F3E4027-BDF3-41CC-B6CD-44DD8C3423C4}.Debug|Any CPU.Build.0 = Debug|Any CPU
		{7F3E4027-BDF3-41CC-B6CD-44DD8C3423C4}.Release|Any CPU.ActiveCfg = Release|Any CPU
		{7F3E4027-BDF3-41CC-B6CD-44DD8C3423C4}.Release|Any CPU.Build.0 = Release|Any CPU
		{4986E56E-C831-4399-8A5A-072F3BBB7F8E}.Debug|Any CPU.ActiveCfg = Debug|Any CPU
		{4986E56E-C831-4399-8A5A-072F3BBB7F8E}.Debug|Any CPU.Build.0 = Debug|Any CPU
		{4986E56E-C831-4399-8A5A-072F3BBB7F8E}.Release|Any CPU.ActiveCfg = Release|Any CPU
		{4986E56E-C831-4399-8A5A-072F3BBB7F8E}.Release|Any CPU.Build.0 = Release|Any CPU
	EndGlobalSection
	GlobalSection(SolutionProperties) = preSolution
		HideSolutionNode = FALSE
	EndGlobalSection
	GlobalSection(ExtensibilityGlobals) = postSolution
		SolutionGuid = {F49B9DBA-AF65-4CD4-9438-5ECC7383AE50}
	EndGlobalSection
EndGlobal
